
Microsoft Visual Studio Solution File, Format Version 12.00
# Visual Studio Version 16
VisualStudioVersion = 16.0.30128.74
MinimumVisualStudioVersion = 10.0.40219.1
Project("{FAE04EC0-301F-11D3-BF4B-00C04F79EFBC}") = "FluentBootstrap", "FluentBootstrap\FluentBootstrap.csproj", "{18CFD01E-F76F-4ABD-97B3-9B60671B598C}"
EndProject
Global
	GlobalSection(SolutionConfigurationPlatforms) = preSolution
		Debug|Any CPU = Debug|Any CPU
		Release|Any CPU = Release|Any CPU
	EndGlobalSection
	GlobalSection(ProjectConfigurationPlatforms) = postSolution
		{18CFD01E-F76F-4ABD-97B3-9B60671B598C}.Debug|Any CPU.ActiveCfg = Debug|Any CPU
		{18CFD01E-F76F-4ABD-97B3-9B60671B598C}.Debug|Any CPU.Build.0 = Debug|Any CPU
		{18CFD01E-F76F-4ABD-97B3-9B60671B598C}.Release|Any CPU.ActiveCfg = Release|Any CPU
		{18CFD01E-F76F-4ABD-97B3-9B60671B598C}.Release|Any CPU.Build.0 = Release|Any CPU
	EndGlobalSection
	GlobalSection(SolutionProperties) = preSolution
		HideSolutionNode = FALSE
	EndGlobalSection
	GlobalSection(ExtensibilityGlobals) = postSolution
		SolutionGuid = {3157A0CA-3909-4BA6-9860-8492F2575AEB}
	EndGlobalSection
EndGlobal
